
Microsoft Visual Studio Solution File, Format Version 12.00
# Visual Studio Version 16
VisualStudioVersion = 16.0.31729.503
MinimumVisualStudioVersion = 10.0.40219.1
Project("{FAE04EC0-301F-11D3-BF4B-00C04F79EFBC}") = "WindowsFormsApp1_Murygin", "WindowsFormsApp1_Murygin.csproj", "{DD3887C3-2CF8-40D4-85A5-45AAE785DD07}"
EndProject
Global
	GlobalSection(SolutionConfigurationPlatforms) = preSolution
		Debug|Any CPU = Debug|Any CPU
		Release|Any CPU = Release|Any CPU
	EndGlobalSection
	GlobalSection(ProjectConfigurationPlatforms) = postSolution
		{DD3887C3-2CF8-40D4-85A5-45AAE785DD07}.Debug|Any CPU.ActiveCfg = Debug|Any CPU
		{DD3887C3-2CF8-40D4-85A5-45AAE785DD07}.Debug|Any CPU.Build.0 = Debug|Any CPU
		{DD3887C3-2CF8-40D4-85A5-45AAE785DD07}.Release|Any CPU.ActiveCfg = Release|Any CPU
		{DD3887C3-2CF8-40D4-85A5-45AAE785DD07}.Release|Any CPU.Build.0 = Release|Any CPU
	EndGlobalSection
	GlobalSection(SolutionProperties) = preSolution
		HideSolutionNode = FALSE
	EndGlobalSection
	GlobalSection(ExtensibilityGlobals) = postSolution
		SolutionGuid = {6C59EF4E-D05A-44FE-AF5A-A63335DF3962}
	EndGlobalSection
EndGlobal
